
Microsoft Visual Studio Solution File, Format Version 12.00
# Visual Studio 15
Project("{FAE04EC0-301F-11D3-BF4B-00C04F79EFBC}") = "O2.Identity.Web", "O2.Identity.Web.csproj", "{0E4504AB-8D8B-454B-A900-B925EA4E0899}"
EndProject
Project("{E53339B2-1760-4266-BCC7-CA923CBCF16C}") = "docker-compose", "docker-compose.dcproj", "{BD7F7CED-2A3B-4D60-9E32-7D67844CFDDF}"
EndProject
Global
	GlobalSection(SolutionConfigurationPlatforms) = preSolution
		Debug|Any CPU = Debug|Any CPU
		Release|Any CPU = Release|Any CPU
	EndGlobalSection
	GlobalSection(ProjectConfigurationPlatforms) = postSolution
		{0E4504AB-8D8B-454B-A900-B925EA4E0899}.Debug|Any CPU.ActiveCfg = Debug|Any CPU
		{0E4504AB-8D8B-454B-A900-B925EA4E0899}.Debug|Any CPU.Build.0 = Debug|Any CPU
		{0E4504AB-8D8B-454B-A900-B925EA4E0899}.Release|Any CPU.ActiveCfg = Release|Any CPU
		{0E4504AB-8D8B-454B-A900-B925EA4E0899}.Release|Any CPU.Build.0 = Release|Any CPU
		{BD7F7CED-2A3B-4D60-9E32-7D67844CFDDF}.Debug|Any CPU.ActiveCfg = Debug|Any CPU
		{BD7F7CED-2A3B-4D60-9E32-7D67844CFDDF}.Debug|Any CPU.Build.0 = Debug|Any CPU
		{BD7F7CED-2A3B-4D60-9E32-7D67844CFDDF}.Release|Any CPU.ActiveCfg = Release|Any CPU
		{BD7F7CED-2A3B-4D60-9E32-7D67844CFDDF}.Release|Any CPU.Build.0 = Release|Any CPU
	EndGlobalSection
EndGlobal
