
Microsoft Visual Studio Solution File, Format Version 12.00
# Visual Studio 15
Project("{FAE04EC0-301F-11D3-BF4B-00C04F79EFBC}") = "O2.Identity.Web", "O2.Identity.Web.csproj", "{6E9DD684-686F-4444-AEFC-D72C2A2715B2}"
EndProject
Project("{E53339B2-1760-4266-BCC7-CA923CBCF16C}") = "docker-compose", "docker-compose.dcproj", "{591138C5-643F-4A26-8F55-C42C2179920C}"
EndProject
Global
	GlobalSection(SolutionConfigurationPlatforms) = preSolution
		Debug|Any CPU = Debug|Any CPU
		Release|Any CPU = Release|Any CPU
	EndGlobalSection
	GlobalSection(ProjectConfigurationPlatforms) = postSolution
		{6E9DD684-686F-4444-AEFC-D72C2A2715B2}.Debug|Any CPU.ActiveCfg = Debug|Any CPU
		{6E9DD684-686F-4444-AEFC-D72C2A2715B2}.Debug|Any CPU.Build.0 = Debug|Any CPU
		{6E9DD684-686F-4444-AEFC-D72C2A2715B2}.Release|Any CPU.ActiveCfg = Release|Any CPU
		{6E9DD684-686F-4444-AEFC-D72C2A2715B2}.Release|Any CPU.Build.0 = Release|Any CPU
		{591138C5-643F-4A26-8F55-C42C2179920C}.Debug|Any CPU.ActiveCfg = Debug|Any CPU
		{591138C5-643F-4A26-8F55-C42C2179920C}.Debug|Any CPU.Build.0 = Debug|Any CPU
		{591138C5-643F-4A26-8F55-C42C2179920C}.Release|Any CPU.ActiveCfg = Release|Any CPU
		{591138C5-643F-4A26-8F55-C42C2179920C}.Release|Any CPU.Build.0 = Release|Any CPU
	EndGlobalSection
EndGlobal
